
Microsoft Visual Studio Solution File, Format Version 12.00
# Visual Studio Version 17
VisualStudioVersion = 17.4.33103.184
MinimumVisualStudioVersion = 10.0.40219.1
Project("{FAE04EC0-301F-11D3-BF4B-00C04F79EFBC}") = "ShoppingWeb", "ShoppingWeb\ShoppingWeb.csproj", "{A483F7FA-2189-4390-ACE6-AEC865800442}"
EndProject
Global
	GlobalSection(SolutionConfigurationPlatforms) = preSolution
		Debug|Any CPU = Debug|Any CPU
		Release|Any CPU = Release|Any CPU
	EndGlobalSection
	GlobalSection(ProjectConfigurationPlatforms) = postSolution
		{A483F7FA-2189-4390-ACE6-AEC865800442}.Debug|Any CPU.ActiveCfg = Debug|Any CPU
		{A483F7FA-2189-4390-ACE6-AEC865800442}.Debug|Any CPU.Build.0 = Debug|Any CPU
		{A483F7FA-2189-4390-ACE6-AEC865800442}.Release|Any CPU.ActiveCfg = Release|Any CPU
		{A483F7FA-2189-4390-ACE6-AEC865800442}.Release|Any CPU.Build.0 = Release|Any CPU
	EndGlobalSection
	GlobalSection(SolutionProperties) = preSolution
		HideSolutionNode = FALSE
	EndGlobalSection
	GlobalSection(ExtensibilityGlobals) = postSolution
		SolutionGuid = {C381C62C-562C-4F08-9433-B33263A95E69}
	EndGlobalSection
EndGlobal
