
Microsoft Visual Studio Solution File, Format Version 12.00
# Visual Studio Version 17
VisualStudioVersion = 17.4.33103.184
MinimumVisualStudioVersion = 10.0.40219.1
Project("{9A19103F-16F7-4668-BE54-9A1E7A4F7556}") = "ShoppingDAL", "ShoppingDAL\ShoppingDAL.csproj", "{6C259ABA-762D-412C-9ACE-FDF62129BE45}"
EndProject
Project("{9A19103F-16F7-4668-BE54-9A1E7A4F7556}") = "CoreLibrary", "CoreLibrary\CoreLibrary.csproj", "{3BE441EB-5869-4DD3-9C79-32A27D7E9C81}"
EndProject
Project("{9A19103F-16F7-4668-BE54-9A1E7A4F7556}") = "BlazorExampleWeb", "BlazorExampleWeb\BlazorExampleWeb.csproj", "{086509CE-796C-4AA4-BBB9-A9FE4264B68A}"
EndProject
Project("{9A19103F-16F7-4668-BE54-9A1E7A4F7556}") = "SampleAPI", "SampleAPI\SampleAPI.csproj", "{A05CE194-ED9B-44EC-B731-5405123F0E64}"
EndProject
Global
	GlobalSection(SolutionConfigurationPlatforms) = preSolution
		Debug|Any CPU = Debug|Any CPU
		Release|Any CPU = Release|Any CPU
	EndGlobalSection
	GlobalSection(ProjectConfigurationPlatforms) = postSolution
		{6C259ABA-762D-412C-9ACE-FDF62129BE45}.Debug|Any CPU.ActiveCfg = Debug|Any CPU
		{6C259ABA-762D-412C-9ACE-FDF62129BE45}.Debug|Any CPU.Build.0 = Debug|Any CPU
		{6C259ABA-762D-412C-9ACE-FDF62129BE45}.Release|Any CPU.ActiveCfg = Release|Any CPU
		{6C259ABA-762D-412C-9ACE-FDF62129BE45}.Release|Any CPU.Build.0 = Release|Any CPU
		{3BE441EB-5869-4DD3-9C79-32A27D7E9C81}.Debug|Any CPU.ActiveCfg = Debug|Any CPU
		{3BE441EB-5869-4DD3-9C79-32A27D7E9C81}.Debug|Any CPU.Build.0 = Debug|Any CPU
		{3BE441EB-5869-4DD3-9C79-32A27D7E9C81}.Release|Any CPU.ActiveCfg = Release|Any CPU
		{3BE441EB-5869-4DD3-9C79-32A27D7E9C81}.Release|Any CPU.Build.0 = Release|Any CPU
		{086509CE-796C-4AA4-BBB9-A9FE4264B68A}.Debug|Any CPU.ActiveCfg = Debug|Any CPU
		{086509CE-796C-4AA4-BBB9-A9FE4264B68A}.Debug|Any CPU.Build.0 = Debug|Any CPU
		{086509CE-796C-4AA4-BBB9-A9FE4264B68A}.Release|Any CPU.ActiveCfg = Release|Any CPU
		{086509CE-796C-4AA4-BBB9-A9FE4264B68A}.Release|Any CPU.Build.0 = Release|Any CPU
		{A05CE194-ED9B-44EC-B731-5405123F0E64}.Debug|Any CPU.ActiveCfg = Debug|Any CPU
		{A05CE194-ED9B-44EC-B731-5405123F0E64}.Debug|Any CPU.Build.0 = Debug|Any CPU
		{A05CE194-ED9B-44EC-B731-5405123F0E64}.Release|Any CPU.ActiveCfg = Release|Any CPU
		{A05CE194-ED9B-44EC-B731-5405123F0E64}.Release|Any CPU.Build.0 = Release|Any CPU
	EndGlobalSection
	GlobalSection(SolutionProperties) = preSolution
		HideSolutionNode = FALSE
	EndGlobalSection
	GlobalSection(ExtensibilityGlobals) = postSolution
		SolutionGuid = {C381C62C-562C-4F08-9433-B33263A95E69}
	EndGlobalSection
EndGlobal
